// !$*UTF8*$!
{
	archiveVersion = 1;
	classes = {
	};
	objectVersion = 56;
	objects = {

/* Begin PBXBuildFile section */
		F19796C62ACEAAE6007F4BBD /* OpenSans-Medium.ttf in Resources */ = {isa = PBXBuildFile; fileRef = F19796C02ACEAAE6007F4BBD /* OpenSans-Medium.ttf */; };
		F19796C72ACEAAE6007F4BBD /* OpenSans-SemiBold.ttf in Resources */ = {isa = PBXBuildFile; fileRef = F19796C12ACEAAE6007F4BBD /* OpenSans-SemiBold.ttf */; };
		F19796C82ACEAAE6007F4BBD /* OpenSans-Light.ttf in Resources */ = {isa = PBXBuildFile; fileRef = F19796C22ACEAAE6007F4BBD /* OpenSans-Light.ttf */; };
		F19796C92ACEAAE6007F4BBD /* OpenSans-Bold.ttf in Resources */ = {isa = PBXBuildFile; fileRef = F19796C32ACEAAE6007F4BBD /* OpenSans-Bold.ttf */; };
		F19796CA2ACEAAE6007F4BBD /* OpenSans-ExtraBold.ttf in Resources */ = {isa = PBXBuildFile; fileRef = F19796C42ACEAAE6007F4BBD /* OpenSans-ExtraBold.ttf */; };
		F19796CB2ACEAAE6007F4BBD /* OpenSans-Regular.ttf in Resources */ = {isa = PBXBuildFile; fileRef = F19796C52ACEAAE6007F4BBD /* OpenSans-Regular.ttf */; };
		F19796CF2ACEAB9E007F4BBD /* AppImage.swift in Sources */ = {isa = PBXBuildFile; fileRef = F19796CE2ACEAB9E007F4BBD /* AppImage.swift */; };
		F19796D12ACEABC4007F4BBD /* AppColor.swift in Sources */ = {isa = PBXBuildFile; fileRef = F19796D02ACEABC4007F4BBD /* AppColor.swift */; };
		F19796D32ACEABD9007F4BBD /* Colors.xcassets in Resources */ = {isa = PBXBuildFile; fileRef = F19796D22ACEABD9007F4BBD /* Colors.xcassets */; };
		F19796D62ACEAC3F007F4BBD /* SnapKit in Frameworks */ = {isa = PBXBuildFile; productRef = F19796D52ACEAC3F007F4BBD /* SnapKit */; };
		F19796D82ACEAC3F007F4BBD /* SnapKit-Dynamic in Frameworks */ = {isa = PBXBuildFile; productRef = F19796D72ACEAC3F007F4BBD /* SnapKit-Dynamic */; };
		F19796DB2ACEAF53007F4BBD /* LoadingViewController.swift in Sources */ = {isa = PBXBuildFile; fileRef = F19796DA2ACEAF53007F4BBD /* LoadingViewController.swift */; };
		F19796DD2ACEAF6A007F4BBD /* AppStorage.swift in Sources */ = {isa = PBXBuildFile; fileRef = F19796DC2ACEAF6A007F4BBD /* AppStorage.swift */; };
		F19796DF2ACEAF7D007F4BBD /* ExternalService.swift in Sources */ = {isa = PBXBuildFile; fileRef = F19796DE2ACEAF7D007F4BBD /* ExternalService.swift */; };
		F19796E22ACEAFBB007F4BBD /* FirebaseAnalytics in Frameworks */ = {isa = PBXBuildFile; productRef = F19796E12ACEAFBB007F4BBD /* FirebaseAnalytics */; };
		F19796E42ACEAFBB007F4BBD /* FirebaseAnalyticsOnDeviceConversion in Frameworks */ = {isa = PBXBuildFile; productRef = F19796E32ACEAFBB007F4BBD /* FirebaseAnalyticsOnDeviceConversion */; };
		F19796E62ACEAFBB007F4BBD /* FirebaseAnalyticsSwift in Frameworks */ = {isa = PBXBuildFile; productRef = F19796E52ACEAFBB007F4BBD /* FirebaseAnalyticsSwift */; };
		F19796E82ACEAFBB007F4BBD /* FirebaseAnalyticsWithoutAdIdSupport in Frameworks */ = {isa = PBXBuildFile; productRef = F19796E72ACEAFBB007F4BBD /* FirebaseAnalyticsWithoutAdIdSupport */; };
		F19796EA2ACEAFBB007F4BBD /* FirebaseAppCheck in Frameworks */ = {isa = PBXBuildFile; productRef = F19796E92ACEAFBB007F4BBD /* FirebaseAppCheck */; };
		F19796ED2ACEAFD8007F4BBD /* MainViewController.swift in Sources */ = {isa = PBXBuildFile; fileRef = F19796EC2ACEAFD8007F4BBD /* MainViewController.swift */; };
		F19796EF2ACEB024007F4BBD /* FirebaseAnalytics in Frameworks */ = {isa = PBXBuildFile; productRef = F19796EE2ACEB024007F4BBD /* FirebaseAnalytics */; };
		F19796F12ACEB024007F4BBD /* FirebaseAnalyticsOnDeviceConversion in Frameworks */ = {isa = PBXBuildFile; productRef = F19796F02ACEB024007F4BBD /* FirebaseAnalyticsOnDeviceConversion */; };
		F19796F32ACEB024007F4BBD /* FirebaseAnalyticsSwift in Frameworks */ = {isa = PBXBuildFile; productRef = F19796F22ACEB024007F4BBD /* FirebaseAnalyticsSwift */; };
		F19796F52ACEB024007F4BBD /* FirebaseAnalyticsWithoutAdIdSupport in Frameworks */ = {isa = PBXBuildFile; productRef = F19796F42ACEB024007F4BBD /* FirebaseAnalyticsWithoutAdIdSupport */; };
		F19796F72ACEB024007F4BBD /* FirebaseAppCheck in Frameworks */ = {isa = PBXBuildFile; productRef = F19796F62ACEB024007F4BBD /* FirebaseAppCheck */; };
		F19796F92ACEB024007F4BBD /* FirebaseAppDistribution-Beta in Frameworks */ = {isa = PBXBuildFile; productRef = F19796F82ACEB024007F4BBD /* FirebaseAppDistribution-Beta */; };
		F19796FB2ACEB024007F4BBD /* FirebaseAuth in Frameworks */ = {isa = PBXBuildFile; productRef = F19796FA2ACEB024007F4BBD /* FirebaseAuth */; };
		F19796FD2ACEB024007F4BBD /* FirebaseAuthCombine-Community in Frameworks */ = {isa = PBXBuildFile; productRef = F19796FC2ACEB024007F4BBD /* FirebaseAuthCombine-Community */; };
		F19796FF2ACEB024007F4BBD /* FirebaseCrashlytics in Frameworks */ = {isa = PBXBuildFile; productRef = F19796FE2ACEB024007F4BBD /* FirebaseCrashlytics */; };
		F19797012ACEB024007F4BBD /* FirebaseDatabase in Frameworks */ = {isa = PBXBuildFile; productRef = F19797002ACEB024007F4BBD /* FirebaseDatabase */; };
		F19797032ACEB024007F4BBD /* FirebaseDatabaseSwift in Frameworks */ = {isa = PBXBuildFile; productRef = F19797022ACEB024007F4BBD /* FirebaseDatabaseSwift */; };
		F19797052ACEB024007F4BBD /* FirebaseDynamicLinks in Frameworks */ = {isa = PBXBuildFile; productRef = F19797042ACEB024007F4BBD /* FirebaseDynamicLinks */; };
		F19797072ACEB024007F4BBD /* FirebaseFirestore in Frameworks */ = {isa = PBXBuildFile; productRef = F19797062ACEB024007F4BBD /* FirebaseFirestore */; };
		F19797092ACEB024007F4BBD /* FirebaseFirestoreCombine-Community in Frameworks */ = {isa = PBXBuildFile; productRef = F19797082ACEB024007F4BBD /* FirebaseFirestoreCombine-Community */; };
		F197970B2ACEB024007F4BBD /* FirebaseFirestoreSwift in Frameworks */ = {isa = PBXBuildFile; productRef = F197970A2ACEB024007F4BBD /* FirebaseFirestoreSwift */; };
		F197970D2ACEB024007F4BBD /* FirebaseFunctions in Frameworks */ = {isa = PBXBuildFile; productRef = F197970C2ACEB024007F4BBD /* FirebaseFunctions */; };
		F197970F2ACEB024007F4BBD /* FirebaseFunctionsCombine-Community in Frameworks */ = {isa = PBXBuildFile; productRef = F197970E2ACEB024007F4BBD /* FirebaseFunctionsCombine-Community */; };
		F19797112ACEB024007F4BBD /* FirebaseInAppMessaging-Beta in Frameworks */ = {isa = PBXBuildFile; productRef = F19797102ACEB024007F4BBD /* FirebaseInAppMessaging-Beta */; };
		F19797132ACEB024007F4BBD /* FirebaseInAppMessagingSwift-Beta in Frameworks */ = {isa = PBXBuildFile; productRef = F19797122ACEB024007F4BBD /* FirebaseInAppMessagingSwift-Beta */; };
		F19797152ACEB024007F4BBD /* FirebaseInstallations in Frameworks */ = {isa = PBXBuildFile; productRef = F19797142ACEB024007F4BBD /* FirebaseInstallations */; };
		F19797172ACEB024007F4BBD /* FirebaseMLModelDownloader in Frameworks */ = {isa = PBXBuildFile; productRef = F19797162ACEB024007F4BBD /* FirebaseMLModelDownloader */; };
		F19797192ACEB024007F4BBD /* FirebaseMessaging in Frameworks */ = {isa = PBXBuildFile; productRef = F19797182ACEB024007F4BBD /* FirebaseMessaging */; };
		F197971B2ACEB024007F4BBD /* FirebasePerformance in Frameworks */ = {isa = PBXBuildFile; productRef = F197971A2ACEB024007F4BBD /* FirebasePerformance */; };
		F197971D2ACEB024007F4BBD /* FirebaseRemoteConfig in Frameworks */ = {isa = PBXBuildFile; productRef = F197971C2ACEB024007F4BBD /* FirebaseRemoteConfig */; };
		F197971F2ACEB024007F4BBD /* FirebaseRemoteConfigSwift in Frameworks */ = {isa = PBXBuildFile; productRef = F197971E2ACEB024007F4BBD /* FirebaseRemoteConfigSwift */; };
		F19797212ACEB024007F4BBD /* FirebaseStorage in Frameworks */ = {isa = PBXBuildFile; productRef = F19797202ACEB024007F4BBD /* FirebaseStorage */; };
		F19797232ACEB024007F4BBD /* FirebaseStorageCombine-Community in Frameworks */ = {isa = PBXBuildFile; productRef = F19797222ACEB024007F4BBD /* FirebaseStorageCombine-Community */; };
		F19797252ACEB092007F4BBD /* GoogleService-Info.plist in Resources */ = {isa = PBXBuildFile; fileRef = F19797242ACEB092007F4BBD /* GoogleService-Info.plist */; };
		F1C0593B2ACE890D00794BF0 /* AppDelegate.swift in Sources */ = {isa = PBXBuildFile; fileRef = F1C0593A2ACE890D00794BF0 /* AppDelegate.swift */; };
		F1C0593D2ACE890D00794BF0 /* SceneDelegate.swift in Sources */ = {isa = PBXBuildFile; fileRef = F1C0593C2ACE890D00794BF0 /* SceneDelegate.swift */; };
		F1C0593F2ACE890D00794BF0 /* SplashViewController.swift in Sources */ = {isa = PBXBuildFile; fileRef = F1C0593E2ACE890D00794BF0 /* SplashViewController.swift */; };
		F1C059442ACE890F00794BF0 /* Assets.xcassets in Resources */ = {isa = PBXBuildFile; fileRef = F1C059432ACE890F00794BF0 /* Assets.xcassets */; };
		F1C059472ACE890F00794BF0 /* LaunchScreen.storyboard in Resources */ = {isa = PBXBuildFile; fileRef = F1C059452ACE890F00794BF0 /* LaunchScreen.storyboard */; };
/* End PBXBuildFile section */

/* Begin PBXFileReference section */
		F19796C02ACEAAE6007F4BBD /* OpenSans-Medium.ttf */ = {isa = PBXFileReference; lastKnownFileType = file; path = "OpenSans-Medium.ttf"; sourceTree = "<group>"; };
		F19796C12ACEAAE6007F4BBD /* OpenSans-SemiBold.ttf */ = {isa = PBXFileReference; lastKnownFileType = file; path = "OpenSans-SemiBold.ttf"; sourceTree = "<group>"; };
		F19796C22ACEAAE6007F4BBD /* OpenSans-Light.ttf */ = {isa = PBXFileReference; lastKnownFileType = file; path = "OpenSans-Light.ttf"; sourceTree = "<group>"; };
		F19796C32ACEAAE6007F4BBD /* OpenSans-Bold.ttf */ = {isa = PBXFileReference; lastKnownFileType = file; path = "OpenSans-Bold.ttf"; sourceTree = "<group>"; };
		F19796C42ACEAAE6007F4BBD /* OpenSans-ExtraBold.ttf */ = {isa = PBXFileReference; lastKnownFileType = file; path = "OpenSans-ExtraBold.ttf"; sourceTree = "<group>"; };
		F19796C52ACEAAE6007F4BBD /* OpenSans-Regular.ttf */ = {isa = PBXFileReference; lastKnownFileType = file; path = "OpenSans-Regular.ttf"; sourceTree = "<group>"; };
		F19796CE2ACEAB9E007F4BBD /* AppImage.swift */ = {isa = PBXFileReference; lastKnownFileType = sourcecode.swift; path = AppImage.swift; sourceTree = "<group>"; };
		F19796D02ACEABC4007F4BBD /* AppColor.swift */ = {isa = PBXFileReference; lastKnownFileType = sourcecode.swift; path = AppColor.swift; sourceTree = "<group>"; };
		F19796D22ACEABD9007F4BBD /* Colors.xcassets */ = {isa = PBXFileReference; lastKnownFileType = folder.assetcatalog; path = Colors.xcassets; sourceTree = "<group>"; };
		F19796DA2ACEAF53007F4BBD /* LoadingViewController.swift */ = {isa = PBXFileReference; lastKnownFileType = sourcecode.swift; path = LoadingViewController.swift; sourceTree = "<group>"; };
		F19796DC2ACEAF6A007F4BBD /* AppStorage.swift */ = {isa = PBXFileReference; lastKnownFileType = sourcecode.swift; path = AppStorage.swift; sourceTree = "<group>"; };
		F19796DE2ACEAF7D007F4BBD /* ExternalService.swift */ = {isa = PBXFileReference; lastKnownFileType = sourcecode.swift; path = ExternalService.swift; sourceTree = "<group>"; };
		F19796EC2ACEAFD8007F4BBD /* MainViewController.swift */ = {isa = PBXFileReference; lastKnownFileType = sourcecode.swift; path = MainViewController.swift; sourceTree = "<group>"; };
		F19797242ACEB092007F4BBD /* GoogleService-Info.plist */ = {isa = PBXFileReference; fileEncoding = 4; lastKnownFileType = text.plist.xml; path = "GoogleService-Info.plist"; sourceTree = "<group>"; };
		F1C059372ACE890D00794BF0 /* Pariquiz.app */ = {isa = PBXFileReference; explicitFileType = wrapper.application; includeInIndex = 0; path = Pariquiz.app; sourceTree = BUILT_PRODUCTS_DIR; };
		F1C0593A2ACE890D00794BF0 /* AppDelegate.swift */ = {isa = PBXFileReference; lastKnownFileType = sourcecode.swift; path = AppDelegate.swift; sourceTree = "<group>"; };
		F1C0593C2ACE890D00794BF0 /* SceneDelegate.swift */ = {isa = PBXFileReference; lastKnownFileType = sourcecode.swift; path = SceneDelegate.swift; sourceTree = "<group>"; };
		F1C0593E2ACE890D00794BF0 /* SplashViewController.swift */ = {isa = PBXFileReference; lastKnownFileType = sourcecode.swift; path = SplashViewController.swift; sourceTree = "<group>"; };
		F1C059432ACE890F00794BF0 /* Assets.xcassets */ = {isa = PBXFileReference; lastKnownFileType = folder.assetcatalog; path = Assets.xcassets; sourceTree = "<group>"; };
		F1C059462ACE890F00794BF0 /* Base */ = {isa = PBXFileReference; lastKnownFileType = file.storyboard; name = Base; path = Base.lproj/LaunchScreen.storyboard; sourceTree = "<group>"; };
		F1C059482ACE890F00794BF0 /* Info.plist */ = {isa = PBXFileReference; lastKnownFileType = text.plist.xml; path = Info.plist; sourceTree = "<group>"; };
/* End PBXFileReference section */

/* Begin PBXFrameworksBuildPhase section */
		F1C059342ACE890D00794BF0 /* Frameworks */ = {
			isa = PBXFrameworksBuildPhase;
			buildActionMask = 2147483647;
			files = (
				F19796D62ACEAC3F007F4BBD /* SnapKit in Frameworks */,
				F19796E82ACEAFBB007F4BBD /* FirebaseAnalyticsWithoutAdIdSupport in Frameworks */,
				F197971B2ACEB024007F4BBD /* FirebasePerformance in Frameworks */,
				F19796EF2ACEB024007F4BBD /* FirebaseAnalytics in Frameworks */,
				F19797152ACEB024007F4BBD /* FirebaseInstallations in Frameworks */,
				F19796F92ACEB024007F4BBD /* FirebaseAppDistribution-Beta in Frameworks */,
				F19797232ACEB024007F4BBD /* FirebaseStorageCombine-Community in Frameworks */,
				F19797112ACEB024007F4BBD /* FirebaseInAppMessaging-Beta in Frameworks */,
				F19796FD2ACEB024007F4BBD /* FirebaseAuthCombine-Community in Frameworks */,
				F19797212ACEB024007F4BBD /* FirebaseStorage in Frameworks */,
				F197970B2ACEB024007F4BBD /* FirebaseFirestoreSwift in Frameworks */,
				F197971F2ACEB024007F4BBD /* FirebaseRemoteConfigSwift in Frameworks */,
				F19796D82ACEAC3F007F4BBD /* SnapKit-Dynamic in Frameworks */,
				F19797132ACEB024007F4BBD /* FirebaseInAppMessagingSwift-Beta in Frameworks */,
				F19797092ACEB024007F4BBD /* FirebaseFirestoreCombine-Community in Frameworks */,
				F197971D2ACEB024007F4BBD /* FirebaseRemoteConfig in Frameworks */,
				F19796FB2ACEB024007F4BBD /* FirebaseAuth in Frameworks */,
				F19797012ACEB024007F4BBD /* FirebaseDatabase in Frameworks */,
				F19796F72ACEB024007F4BBD /* FirebaseAppCheck in Frameworks */,
				F19796F52ACEB024007F4BBD /* FirebaseAnalyticsWithoutAdIdSupport in Frameworks */,
				F19796F32ACEB024007F4BBD /* FirebaseAnalyticsSwift in Frameworks */,
				F19796F12ACEB024007F4BBD /* FirebaseAnalyticsOnDeviceConversion in Frameworks */,
				F19797052ACEB024007F4BBD /* FirebaseDynamicLinks in Frameworks */,
				F19797072ACEB024007F4BBD /* FirebaseFirestore in Frameworks */,
				F19797032ACEB024007F4BBD /* FirebaseDatabaseSwift in Frameworks */,
				F197970D2ACEB024007F4BBD /* FirebaseFunctions in Frameworks */,
				F19796E22ACEAFBB007F4BBD /* FirebaseAnalytics in Frameworks */,
				F19796EA2ACEAFBB007F4BBD /* FirebaseAppCheck in Frameworks */,
				F19796FF2ACEB024007F4BBD /* FirebaseCrashlytics in Frameworks */,
				F19796E42ACEAFBB007F4BBD /* FirebaseAnalyticsOnDeviceConversion in Frameworks */,
				F19796E62ACEAFBB007F4BBD /* FirebaseAnalyticsSwift in Frameworks */,
				F19797192ACEB024007F4BBD /* FirebaseMessaging in Frameworks */,
				F197970F2ACEB024007F4BBD /* FirebaseFunctionsCombine-Community in Frameworks */,
				F19797172ACEB024007F4BBD /* FirebaseMLModelDownloader in Frameworks */,
			);
			runOnlyForDeploymentPostprocessing = 0;
		};
/* End PBXFrameworksBuildPhase section */

/* Begin PBXGroup section */
		F19796B92ACEA9AE007F4BBD /* Application */ = {
			isa = PBXGroup;
			children = (
				F1C0593A2ACE890D00794BF0 /* AppDelegate.swift */,
				F1C0593C2ACE890D00794BF0 /* SceneDelegate.swift */,
			);
			path = Application;
			sourceTree = "<group>";
		};
		F19796BA2ACEA9B3007F4BBD /* Controllers */ = {
			isa = PBXGroup;
			children = (
				F19796D92ACEAC82007F4BBD /* SplashScreen */,
				F19796EB2ACEAFC8007F4BBD /* MainModule */,
			);
			path = Controllers;
			sourceTree = "<group>";
		};
		F19796BB2ACEA9BB007F4BBD /* Resources  */ = {
			isa = PBXGroup;
			children = (
				F19796BF2ACEAAC4007F4BBD /* Fonts */,
				F19796CC2ACEAB57007F4BBD /* AssetHelp */,
				F19796CD2ACEAB5D007F4BBD /* AppHelp */,
			);
			path = "Resources ";
			sourceTree = "<group>";
		};
		F19796BC2ACEA9C2007F4BBD /* Storyboards */ = {
			isa = PBXGroup;
			children = (
				F1C059452ACE890F00794BF0 /* LaunchScreen.storyboard */,
			);
			path = Storyboards;
			sourceTree = "<group>";
		};
		F19796BD2ACEA9C8007F4BBD /* Supporting Files */ = {
			isa = PBXGroup;
			children = (
				F19797242ACEB092007F4BBD /* GoogleService-Info.plist */,
				F1C059482ACE890F00794BF0 /* Info.plist */,
			);
			path = "Supporting Files";
			sourceTree = "<group>";
		};
		F19796BF2ACEAAC4007F4BBD /* Fonts */ = {
			isa = PBXGroup;
			children = (
				F19796C32ACEAAE6007F4BBD /* OpenSans-Bold.ttf */,
				F19796C42ACEAAE6007F4BBD /* OpenSans-ExtraBold.ttf */,
				F19796C22ACEAAE6007F4BBD /* OpenSans-Light.ttf */,
				F19796C02ACEAAE6007F4BBD /* OpenSans-Medium.ttf */,
				F19796C52ACEAAE6007F4BBD /* OpenSans-Regular.ttf */,
				F19796C12ACEAAE6007F4BBD /* OpenSans-SemiBold.ttf */,
			);
			path = Fonts;
			sourceTree = "<group>";
		};
		F19796CC2ACEAB57007F4BBD /* AssetHelp */ = {
			isa = PBXGroup;
			children = (
				F1C059432ACE890F00794BF0 /* Assets.xcassets */,
				F19796D22ACEABD9007F4BBD /* Colors.xcassets */,
			);
			path = AssetHelp;
			sourceTree = "<group>";
		};
		F19796CD2ACEAB5D007F4BBD /* AppHelp */ = {
			isa = PBXGroup;
			children = (
				F19796CE2ACEAB9E007F4BBD /* AppImage.swift */,
				F19796D02ACEABC4007F4BBD /* AppColor.swift */,
				F19796DC2ACEAF6A007F4BBD /* AppStorage.swift */,
				F19796DE2ACEAF7D007F4BBD /* ExternalService.swift */,
			);
			path = AppHelp;
			sourceTree = "<group>";
		};
		F19796D92ACEAC82007F4BBD /* SplashScreen */ = {
			isa = PBXGroup;
			children = (
				F1C0593E2ACE890D00794BF0 /* SplashViewController.swift */,
				F19796DA2ACEAF53007F4BBD /* LoadingViewController.swift */,
			);
			path = SplashScreen;
			sourceTree = "<group>";
		};
		F19796EB2ACEAFC8007F4BBD /* MainModule */ = {
			isa = PBXGroup;
			children = (
				F19796EC2ACEAFD8007F4BBD /* MainViewController.swift */,
			);
			path = MainModule;
			sourceTree = "<group>";
		};
		F1C0592E2ACE890D00794BF0 = {
			isa = PBXGroup;
			children = (
				F1C059392ACE890D00794BF0 /* Pariquiz */,
				F1C059382ACE890D00794BF0 /* Products */,
			);
			sourceTree = "<group>";
		};
		F1C059382ACE890D00794BF0 /* Products */ = {
			isa = PBXGroup;
			children = (
				F1C059372ACE890D00794BF0 /* Pariquiz.app */,
			);
			name = Products;
			sourceTree = "<group>";
		};
		F1C059392ACE890D00794BF0 /* Pariquiz */ = {
			isa = PBXGroup;
			children = (
				F19796B92ACEA9AE007F4BBD /* Application */,
				F19796BA2ACEA9B3007F4BBD /* Controllers */,
				F19796BB2ACEA9BB007F4BBD /* Resources  */,
				F19796BC2ACEA9C2007F4BBD /* Storyboards */,
				F19796BD2ACEA9C8007F4BBD /* Supporting Files */,
			);
			path = Pariquiz;
			sourceTree = "<group>";
		};
/* End PBXGroup section */

/* Begin PBXNativeTarget section */
		F1C059362ACE890D00794BF0 /* Pariquiz */ = {
			isa = PBXNativeTarget;
			buildConfigurationList = F1C0594B2ACE890F00794BF0 /* Build configuration list for PBXNativeTarget "Pariquiz" */;
			buildPhases = (
				F1C059332ACE890D00794BF0 /* Sources */,
				F1C059342ACE890D00794BF0 /* Frameworks */,
				F1C059352ACE890D00794BF0 /* Resources */,
			);
			buildRules = (
			);
			dependencies = (
			);
			name = Pariquiz;
			packageProductDependencies = (
				F19796D52ACEAC3F007F4BBD /* SnapKit */,
				F19796D72ACEAC3F007F4BBD /* SnapKit-Dynamic */,
				F19796E12ACEAFBB007F4BBD /* FirebaseAnalytics */,
				F19796E32ACEAFBB007F4BBD /* FirebaseAnalyticsOnDeviceConversion */,
				F19796E52ACEAFBB007F4BBD /* FirebaseAnalyticsSwift */,
				F19796E72ACEAFBB007F4BBD /* FirebaseAnalyticsWithoutAdIdSupport */,
				F19796E92ACEAFBB007F4BBD /* FirebaseAppCheck */,
				F19796EE2ACEB024007F4BBD /* FirebaseAnalytics */,
				F19796F02ACEB024007F4BBD /* FirebaseAnalyticsOnDeviceConversion */,
				F19796F22ACEB024007F4BBD /* FirebaseAnalyticsSwift */,
				F19796F42ACEB024007F4BBD /* FirebaseAnalyticsWithoutAdIdSupport */,
				F19796F62ACEB024007F4BBD /* FirebaseAppCheck */,
				F19796F82ACEB024007F4BBD /* FirebaseAppDistribution-Beta */,
				F19796FA2ACEB024007F4BBD /* FirebaseAuth */,
				F19796FC2ACEB024007F4BBD /* FirebaseAuthCombine-Community */,
				F19796FE2ACEB024007F4BBD /* FirebaseCrashlytics */,
				F19797002ACEB024007F4BBD /* FirebaseDatabase */,
				F19797022ACEB024007F4BBD /* FirebaseDatabaseSwift */,
				F19797042ACEB024007F4BBD /* FirebaseDynamicLinks */,
				F19797062ACEB024007F4BBD /* FirebaseFirestore */,
				F19797082ACEB024007F4BBD /* FirebaseFirestoreCombine-Community */,
				F197970A2ACEB024007F4BBD /* FirebaseFirestoreSwift */,
				F197970C2ACEB024007F4BBD /* FirebaseFunctions */,
				F197970E2ACEB024007F4BBD /* FirebaseFunctionsCombine-Community */,
				F19797102ACEB024007F4BBD /* FirebaseInAppMessaging-Beta */,
				F19797122ACEB024007F4BBD /* FirebaseInAppMessagingSwift-Beta */,
				F19797142ACEB024007F4BBD /* FirebaseInstallations */,
				F19797162ACEB024007F4BBD /* FirebaseMLModelDownloader */,
				F19797182ACEB024007F4BBD /* FirebaseMessaging */,
				F197971A2ACEB024007F4BBD /* FirebasePerformance */,
				F197971C2ACEB024007F4BBD /* FirebaseRemoteConfig */,
				F197971E2ACEB024007F4BBD /* FirebaseRemoteConfigSwift */,
				F19797202ACEB024007F4BBD /* FirebaseStorage */,
				F19797222ACEB024007F4BBD /* FirebaseStorageCombine-Community */,
			);
			productName = Pariquiz;
			productReference = F1C059372ACE890D00794BF0 /* Pariquiz.app */;
			productType = "com.apple.product-type.application";
		};
/* End PBXNativeTarget section */

/* Begin PBXProject section */
		F1C0592F2ACE890D00794BF0 /* Project object */ = {
			isa = PBXProject;
			attributes = {
				BuildIndependentTargetsInParallel = 1;
				LastSwiftUpdateCheck = 1500;
				LastUpgradeCheck = 1500;
				TargetAttributes = {
					F1C059362ACE890D00794BF0 = {
						CreatedOnToolsVersion = 15.0;
					};
				};
			};
			buildConfigurationList = F1C059322ACE890D00794BF0 /* Build configuration list for PBXProject "Pariquiz" */;
			compatibilityVersion = "Xcode 14.0";
			developmentRegion = en;
			hasScannedForEncodings = 0;
			knownRegions = (
				en,
				Base,
			);
			mainGroup = F1C0592E2ACE890D00794BF0;
			packageReferences = (
				F19796D42ACEAC3F007F4BBD /* XCRemoteSwiftPackageReference "SnapKit" */,
				F19796E02ACEAFBB007F4BBD /* XCRemoteSwiftPackageReference "firebase-ios-sdk" */,
			);
			productRefGroup = F1C059382ACE890D00794BF0 /* Products */;
			projectDirPath = "";
			projectRoot = "";
			targets = (
				F1C059362ACE890D00794BF0 /* Pariquiz */,
			);
		};
/* End PBXProject section */

/* Begin PBXResourcesBuildPhase section */
		F1C059352ACE890D00794BF0 /* Resources */ = {
			isa = PBXResourcesBuildPhase;
			buildActionMask = 2147483647;
			files = (
				F19796D32ACEABD9007F4BBD /* Colors.xcassets in Resources */,
				F19796C72ACEAAE6007F4BBD /* OpenSans-SemiBold.ttf in Resources */,
				F19796C62ACEAAE6007F4BBD /* OpenSans-Medium.ttf in Resources */,
				F19796CA2ACEAAE6007F4BBD /* OpenSans-ExtraBold.ttf in Resources */,
				F19796C92ACEAAE6007F4BBD /* OpenSans-Bold.ttf in Resources */,
				F1C059472ACE890F00794BF0 /* LaunchScreen.storyboard in Resources */,
				F19796C82ACEAAE6007F4BBD /* OpenSans-Light.ttf in Resources */,
				F19797252ACEB092007F4BBD /* GoogleService-Info.plist in Resources */,
				F19796CB2ACEAAE6007F4BBD /* OpenSans-Regular.ttf in Resources */,
				F1C059442ACE890F00794BF0 /* Assets.xcassets in Resources */,
			);
			runOnlyForDeploymentPostprocessing = 0;
		};
/* End PBXResourcesBuildPhase section */

/* Begin PBXSourcesBuildPhase section */
		F1C059332ACE890D00794BF0 /* Sources */ = {
			isa = PBXSourcesBuildPhase;
			buildActionMask = 2147483647;
			files = (
				F1C0593F2ACE890D00794BF0 /* SplashViewController.swift in Sources */,
				F19796D12ACEABC4007F4BBD /* AppColor.swift in Sources */,
				F19796CF2ACEAB9E007F4BBD /* AppImage.swift in Sources */,
				F19796DD2ACEAF6A007F4BBD /* AppStorage.swift in Sources */,
				F19796DF2ACEAF7D007F4BBD /* ExternalService.swift in Sources */,
				F1C0593B2ACE890D00794BF0 /* AppDelegate.swift in Sources */,
				F19796ED2ACEAFD8007F4BBD /* MainViewController.swift in Sources */,
				F1C0593D2ACE890D00794BF0 /* SceneDelegate.swift in Sources */,
				F19796DB2ACEAF53007F4BBD /* LoadingViewController.swift in Sources */,
			);
			runOnlyForDeploymentPostprocessing = 0;
		};
/* End PBXSourcesBuildPhase section */

/* Begin PBXVariantGroup section */
		F1C059452ACE890F00794BF0 /* LaunchScreen.storyboard */ = {
			isa = PBXVariantGroup;
			children = (
				F1C059462ACE890F00794BF0 /* Base */,
			);
			name = LaunchScreen.storyboard;
			sourceTree = "<group>";
		};
/* End PBXVariantGroup section */

/* Begin XCBuildConfiguration section */
		F1C059492ACE890F00794BF0 /* Debug */ = {
			isa = XCBuildConfiguration;
			buildSettings = {
				ALWAYS_SEARCH_USER_PATHS = NO;
				ASSETCATALOG_COMPILER_GENERATE_SWIFT_ASSET_SYMBOL_EXTENSIONS = YES;
				CLANG_ANALYZER_NONNULL = YES;
				CLANG_ANALYZER_NUMBER_OBJECT_CONVERSION = YES_AGGRESSIVE;
				CLANG_CXX_LANGUAGE_STANDARD = "gnu++20";
				CLANG_ENABLE_MODULES = YES;
				CLANG_ENABLE_OBJC_ARC = YES;
				CLANG_ENABLE_OBJC_WEAK = YES;
				CLANG_WARN_BLOCK_CAPTURE_AUTORELEASING = YES;
				CLANG_WARN_BOOL_CONVERSION = YES;
				CLANG_WARN_COMMA = YES;
				CLANG_WARN_CONSTANT_CONVERSION = YES;
				CLANG_WARN_DEPRECATED_OBJC_IMPLEMENTATIONS = YES;
				CLANG_WARN_DIRECT_OBJC_ISA_USAGE = YES_ERROR;
				CLANG_WARN_DOCUMENTATION_COMMENTS = YES;
				CLANG_WARN_EMPTY_BODY = YES;
				CLANG_WARN_ENUM_CONVERSION = YES;
				CLANG_WARN_INFINITE_RECURSION = YES;
				CLANG_WARN_INT_CONVERSION = YES;
				CLANG_WARN_NON_LITERAL_NULL_CONVERSION = YES;
				CLANG_WARN_OBJC_IMPLICIT_RETAIN_SELF = YES;
				CLANG_WARN_OBJC_LITERAL_CONVERSION = YES;
				CLANG_WARN_OBJC_ROOT_CLASS = YES_ERROR;
				CLANG_WARN_QUOTED_INCLUDE_IN_FRAMEWORK_HEADER = YES;
				CLANG_WARN_RANGE_LOOP_ANALYSIS = YES;
				CLANG_WARN_STRICT_PROTOTYPES = YES;
				CLANG_WARN_SUSPICIOUS_MOVE = YES;
				CLANG_WARN_UNGUARDED_AVAILABILITY = YES_AGGRESSIVE;
				CLANG_WARN_UNREACHABLE_CODE = YES;
				CLANG_WARN__DUPLICATE_METHOD_MATCH = YES;
				COPY_PHASE_STRIP = NO;
				DEBUG_INFORMATION_FORMAT = dwarf;
				ENABLE_STRICT_OBJC_MSGSEND = YES;
				ENABLE_TESTABILITY = YES;
				ENABLE_USER_SCRIPT_SANDBOXING = YES;
				GCC_C_LANGUAGE_STANDARD = gnu17;
				GCC_DYNAMIC_NO_PIC = NO;
				GCC_NO_COMMON_BLOCKS = YES;
				GCC_OPTIMIZATION_LEVEL = 0;
				GCC_PREPROCESSOR_DEFINITIONS = (
					"DEBUG=1",
					"$(inherited)",
				);
				GCC_WARN_64_TO_32_BIT_CONVERSION = YES;
				GCC_WARN_ABOUT_RETURN_TYPE = YES_ERROR;
				GCC_WARN_UNDECLARED_SELECTOR = YES;
				GCC_WARN_UNINITIALIZED_AUTOS = YES_AGGRESSIVE;
				GCC_WARN_UNUSED_FUNCTION = YES;
				GCC_WARN_UNUSED_VARIABLE = YES;
				IPHONEOS_DEPLOYMENT_TARGET = 17.0;
				LOCALIZATION_PREFERS_STRING_CATALOGS = YES;
				MTL_ENABLE_DEBUG_INFO = INCLUDE_SOURCE;
				MTL_FAST_MATH = YES;
				ONLY_ACTIVE_ARCH = YES;
				SDKROOT = iphoneos;
				SWIFT_ACTIVE_COMPILATION_CONDITIONS = "DEBUG $(inherited)";
				SWIFT_OPTIMIZATION_LEVEL = "-Onone";
			};
			name = Debug;
		};
		F1C0594A2ACE890F00794BF0 /* Release */ = {
			isa = XCBuildConfiguration;
			buildSettings = {
				ALWAYS_SEARCH_USER_PATHS = NO;
				ASSETCATALOG_COMPILER_GENERATE_SWIFT_ASSET_SYMBOL_EXTENSIONS = YES;
				CLANG_ANALYZER_NONNULL = YES;
				CLANG_ANALYZER_NUMBER_OBJECT_CONVERSION = YES_AGGRESSIVE;
				CLANG_CXX_LANGUAGE_STANDARD = "gnu++20";
				CLANG_ENABLE_MODULES = YES;
				CLANG_ENABLE_OBJC_ARC = YES;
				CLANG_ENABLE_OBJC_WEAK = YES;
				CLANG_WARN_BLOCK_CAPTURE_AUTORELEASING = YES;
				CLANG_WARN_BOOL_CONVERSION = YES;
				CLANG_WARN_COMMA = YES;
				CLANG_WARN_CONSTANT_CONVERSION = YES;
				CLANG_WARN_DEPRECATED_OBJC_IMPLEMENTATIONS = YES;
				CLANG_WARN_DIRECT_OBJC_ISA_USAGE = YES_ERROR;
				CLANG_WARN_DOCUMENTATION_COMMENTS = YES;
				CLANG_WARN_EMPTY_BODY = YES;
				CLANG_WARN_ENUM_CONVERSION = YES;
				CLANG_WARN_INFINITE_RECURSION = YES;
				CLANG_WARN_INT_CONVERSION = YES;
				CLANG_WARN_NON_LITERAL_NULL_CONVERSION = YES;
				CLANG_WARN_OBJC_IMPLICIT_RETAIN_SELF = YES;
				CLANG_WARN_OBJC_LITERAL_CONVERSION = YES;
				CLANG_WARN_OBJC_ROOT_CLASS = YES_ERROR;
				CLANG_WARN_QUOTED_INCLUDE_IN_FRAMEWORK_HEADER = YES;
				CLANG_WARN_RANGE_LOOP_ANALYSIS = YES;
				CLANG_WARN_STRICT_PROTOTYPES = YES;
				CLANG_WARN_SUSPICIOUS_MOVE = YES;
				CLANG_WARN_UNGUARDED_AVAILABILITY = YES_AGGRESSIVE;
				CLANG_WARN_UNREACHABLE_CODE = YES;
				CLANG_WARN__DUPLICATE_METHOD_MATCH = YES;
				COPY_PHASE_STRIP = NO;
				DEBUG_INFORMATION_FORMAT = "dwarf-with-dsym";
				ENABLE_NS_ASSERTIONS = NO;
				ENABLE_STRICT_OBJC_MSGSEND = YES;
				ENABLE_USER_SCRIPT_SANDBOXING = YES;
				GCC_C_LANGUAGE_STANDARD = gnu17;
				GCC_NO_COMMON_BLOCKS = YES;
				GCC_WARN_64_TO_32_BIT_CONVERSION = YES;
				GCC_WARN_ABOUT_RETURN_TYPE = YES_ERROR;
				GCC_WARN_UNDECLARED_SELECTOR = YES;
				GCC_WARN_UNINITIALIZED_AUTOS = YES_AGGRESSIVE;
				GCC_WARN_UNUSED_FUNCTION = YES;
				GCC_WARN_UNUSED_VARIABLE = YES;
				IPHONEOS_DEPLOYMENT_TARGET = 17.0;
				LOCALIZATION_PREFERS_STRING_CATALOGS = YES;
				MTL_ENABLE_DEBUG_INFO = NO;
				MTL_FAST_MATH = YES;
				SDKROOT = iphoneos;
				SWIFT_COMPILATION_MODE = wholemodule;
				VALIDATE_PRODUCT = YES;
			};
			name = Release;
		};
		F1C0594C2ACE890F00794BF0 /* Debug */ = {
			isa = XCBuildConfiguration;
			buildSettings = {
				ASSETCATALOG_COMPILER_APPICON_NAME = AppIcon;
				ASSETCATALOG_COMPILER_GLOBAL_ACCENT_COLOR_NAME = AccentColor;
				CODE_SIGN_STYLE = Automatic;
				CURRENT_PROJECT_VERSION = 1;
				DEVELOPMENT_TEAM = 66V736J4F3;
				GENERATE_INFOPLIST_FILE = YES;
				INFOPLIST_FILE = "Pariquiz/Supporting Files/Info.plist";
				INFOPLIST_KEY_UIApplicationSupportsIndirectInputEvents = YES;
				INFOPLIST_KEY_UILaunchStoryboardName = LaunchScreen;
				INFOPLIST_KEY_UISupportedInterfaceOrientations_iPad = "UIInterfaceOrientationPortrait UIInterfaceOrientationPortraitUpsideDown UIInterfaceOrientationLandscapeLeft UIInterfaceOrientationLandscapeRight";
				INFOPLIST_KEY_UISupportedInterfaceOrientations_iPhone = "UIInterfaceOrientationPortrait UIInterfaceOrientationLandscapeLeft UIInterfaceOrientationLandscapeRight";
				LD_RUNPATH_SEARCH_PATHS = (
					"$(inherited)",
					"@executable_path/Frameworks",
				);
				MARKETING_VERSION = 1.0;
				PRODUCT_BUNDLE_IDENTIFIER = com.example.Pariquiz;
				PRODUCT_NAME = "$(TARGET_NAME)";
				SWIFT_EMIT_LOC_STRINGS = YES;
				SWIFT_VERSION = 5.0;
				TARGETED_DEVICE_FAMILY = "1,2";
			};
			name = Debug;
		};
		F1C0594D2ACE890F00794BF0 /* Release */ = {
			isa = XCBuildConfiguration;
			buildSettings = {
				ASSETCATALOG_COMPILER_APPICON_NAME = AppIcon;
				ASSETCATALOG_COMPILER_GLOBAL_ACCENT_COLOR_NAME = AccentColor;
				CODE_SIGN_STYLE = Automatic;
				CURRENT_PROJECT_VERSION = 1;
				DEVELOPMENT_TEAM = 66V736J4F3;
				GENERATE_INFOPLIST_FILE = YES;
				INFOPLIST_FILE = "Pariquiz/Supporting Files/Info.plist";
				INFOPLIST_KEY_UIApplicationSupportsIndirectInputEvents = YES;
				INFOPLIST_KEY_UILaunchStoryboardName = LaunchScreen;
				INFOPLIST_KEY_UISupportedInterfaceOrientations_iPad = "UIInterfaceOrientationPortrait UIInterfaceOrientationPortraitUpsideDown UIInterfaceOrientationLandscapeLeft UIInterfaceOrientationLandscapeRight";
				INFOPLIST_KEY_UISupportedInterfaceOrientations_iPhone = "UIInterfaceOrientationPortrait UIInterfaceOrientationLandscapeLeft UIInterfaceOrientationLandscapeRight";
				LD_RUNPATH_SEARCH_PATHS = (
					"$(inherited)",
					"@executable_path/Frameworks",
				);
				MARKETING_VERSION = 1.0;
				PRODUCT_BUNDLE_IDENTIFIER = com.example.Pariquiz;
				PRODUCT_NAME = "$(TARGET_NAME)";
				SWIFT_EMIT_LOC_STRINGS = YES;
				SWIFT_VERSION = 5.0;
				TARGETED_DEVICE_FAMILY = "1,2";
			};
			name = Release;
		};
/* End XCBuildConfiguration section */

/* Begin XCConfigurationList section */
		F1C059322ACE890D00794BF0 /* Build configuration list for PBXProject "Pariquiz" */ = {
			isa = XCConfigurationList;
			buildConfigurations = (
				F1C059492ACE890F00794BF0 /* Debug */,
				F1C0594A2ACE890F00794BF0 /* Release */,
			);
			defaultConfigurationIsVisible = 0;
			defaultConfigurationName = Release;
		};
		F1C0594B2ACE890F00794BF0 /* Build configuration list for PBXNativeTarget "Pariquiz" */ = {
			isa = XCConfigurationList;
			buildConfigurations = (
				F1C0594C2ACE890F00794BF0 /* Debug */,
				F1C0594D2ACE890F00794BF0 /* Release */,
			);
			defaultConfigurationIsVisible = 0;
			defaultConfigurationName = Release;
		};
/* End XCConfigurationList section */

/* Begin XCRemoteSwiftPackageReference section */
		F19796D42ACEAC3F007F4BBD /* XCRemoteSwiftPackageReference "SnapKit" */ = {
			isa = XCRemoteSwiftPackageReference;
			repositoryURL = "https://github.com/SnapKit/SnapKit.git";
			requirement = {
				kind = upToNextMajorVersion;
				minimumVersion = 5.6.0;
			};
		};
		F19796E02ACEAFBB007F4BBD /* XCRemoteSwiftPackageReference "firebase-ios-sdk" */ = {
			isa = XCRemoteSwiftPackageReference;
			repositoryURL = "https://github.com/firebase/firebase-ios-sdk.git";
			requirement = {
				kind = upToNextMajorVersion;
				minimumVersion = 10.16.0;
			};
		};
/* End XCRemoteSwiftPackageReference section */

/* Begin XCSwiftPackageProductDependency section */
		F19796D52ACEAC3F007F4BBD /* SnapKit */ = {
			isa = XCSwiftPackageProductDependency;
			package = F19796D42ACEAC3F007F4BBD /* XCRemoteSwiftPackageReference "SnapKit" */;
			productName = SnapKit;
		};
		F19796D72ACEAC3F007F4BBD /* SnapKit-Dynamic */ = {
			isa = XCSwiftPackageProductDependency;
			package = F19796D42ACEAC3F007F4BBD /* XCRemoteSwiftPackageReference "SnapKit" */;
			productName = "SnapKit-Dynamic";
		};
		F19796E12ACEAFBB007F4BBD /* FirebaseAnalytics */ = {
			isa = XCSwiftPackageProductDependency;
			package = F19796E02ACEAFBB007F4BBD /* XCRemoteSwiftPackageReference "firebase-ios-sdk" */;
			productName = FirebaseAnalytics;
		};
		F19796E32ACEAFBB007F4BBD /* FirebaseAnalyticsOnDeviceConversion */ = {
			isa = XCSwiftPackageProductDependency;
			package = F19796E02ACEAFBB007F4BBD /* XCRemoteSwiftPackageReference "firebase-ios-sdk" */;
			productName = FirebaseAnalyticsOnDeviceConversion;
		};
		F19796E52ACEAFBB007F4BBD /* FirebaseAnalyticsSwift */ = {
			isa = XCSwiftPackageProductDependency;
			package = F19796E02ACEAFBB007F4BBD /* XCRemoteSwiftPackageReference "firebase-ios-sdk" */;
			productName = FirebaseAnalyticsSwift;
		};
		F19796E72ACEAFBB007F4BBD /* FirebaseAnalyticsWithoutAdIdSupport */ = {
			isa = XCSwiftPackageProductDependency;
			package = F19796E02ACEAFBB007F4BBD /* XCRemoteSwiftPackageReference "firebase-ios-sdk" */;
			productName = FirebaseAnalyticsWithoutAdIdSupport;
		};
		F19796E92ACEAFBB007F4BBD /* FirebaseAppCheck */ = {
			isa = XCSwiftPackageProductDependency;
			package = F19796E02ACEAFBB007F4BBD /* XCRemoteSwiftPackageReference "firebase-ios-sdk" */;
			productName = FirebaseAppCheck;
		};
		F19796EE2ACEB024007F4BBD /* FirebaseAnalytics */ = {
			isa = XCSwiftPackageProductDependency;
			package = F19796E02ACEAFBB007F4BBD /* XCRemoteSwiftPackageReference "firebase-ios-sdk" */;
			productName = FirebaseAnalytics;
		};
		F19796F02ACEB024007F4BBD /* FirebaseAnalyticsOnDeviceConversion */ = {
			isa = XCSwiftPackageProductDependency;
			package = F19796E02ACEAFBB007F4BBD /* XCRemoteSwiftPackageReference "firebase-ios-sdk" */;
			productName = FirebaseAnalyticsOnDeviceConversion;
		};
		F19796F22ACEB024007F4BBD /* FirebaseAnalyticsSwift */ = {
			isa = XCSwiftPackageProductDependency;
			package = F19796E02ACEAFBB007F4BBD /* XCRemoteSwiftPackageReference "firebase-ios-sdk" */;
			productName = FirebaseAnalyticsSwift;
		};
		F19796F42ACEB024007F4BBD /* FirebaseAnalyticsWithoutAdIdSupport */ = {
			isa = XCSwiftPackageProductDependency;
			package = F19796E02ACEAFBB007F4BBD /* XCRemoteSwiftPackageReference "firebase-ios-sdk" */;
			productName = FirebaseAnalyticsWithoutAdIdSupport;
		};
		F19796F62ACEB024007F4BBD /* FirebaseAppCheck */ = {
			isa = XCSwiftPackageProductDependency;
			package = F19796E02ACEAFBB007F4BBD /* XCRemoteSwiftPackageReference "firebase-ios-sdk" */;
			productName = FirebaseAppCheck;
		};
		F19796F82ACEB024007F4BBD /* FirebaseAppDistribution-Beta */ = {
			isa = XCSwiftPackageProductDependency;
			package = F19796E02ACEAFBB007F4BBD /* XCRemoteSwiftPackageReference "firebase-ios-sdk" */;
			productName = "FirebaseAppDistribution-Beta";
		};
		F19796FA2ACEB024007F4BBD /* FirebaseAuth */ = {
			isa = XCSwiftPackageProductDependency;
			package = F19796E02ACEAFBB007F4BBD /* XCRemoteSwiftPackageReference "firebase-ios-sdk" */;
			productName = FirebaseAuth;
		};
		F19796FC2ACEB024007F4BBD /* FirebaseAuthCombine-Community */ = {
			isa = XCSwiftPackageProductDependency;
			package = F19796E02ACEAFBB007F4BBD /* XCRemoteSwiftPackageReference "firebase-ios-sdk" */;
			productName = "FirebaseAuthCombine-Community";
		};
		F19796FE2ACEB024007F4BBD /* FirebaseCrashlytics */ = {
			isa = XCSwiftPackageProductDependency;
			package = F19796E02ACEAFBB007F4BBD /* XCRemoteSwiftPackageReference "firebase-ios-sdk" */;
			productName = FirebaseCrashlytics;
		};
		F19797002ACEB024007F4BBD /* FirebaseDatabase */ = {
			isa = XCSwiftPackageProductDependency;
			package = F19796E02ACEAFBB007F4BBD /* XCRemoteSwiftPackageReference "firebase-ios-sdk" */;
			productName = FirebaseDatabase;
		};
		F19797022ACEB024007F4BBD /* FirebaseDatabaseSwift */ = {
			isa = XCSwiftPackageProductDependency;
			package = F19796E02ACEAFBB007F4BBD /* XCRemoteSwiftPackageReference "firebase-ios-sdk" */;
			productName = FirebaseDatabaseSwift;
		};
		F19797042ACEB024007F4BBD /* FirebaseDynamicLinks */ = {
			isa = XCSwiftPackageProductDependency;
			package = F19796E02ACEAFBB007F4BBD /* XCRemoteSwiftPackageReference "firebase-ios-sdk" */;
			productName = FirebaseDynamicLinks;
		};
		F19797062ACEB024007F4BBD /* FirebaseFirestore */ = {
			isa = XCSwiftPackageProductDependency;
			package = F19796E02ACEAFBB007F4BBD /* XCRemoteSwiftPackageReference "firebase-ios-sdk" */;
			productName = FirebaseFirestore;
		};
		F19797082ACEB024007F4BBD /* FirebaseFirestoreCombine-Community */ = {
			isa = XCSwiftPackageProductDependency;
			package = F19796E02ACEAFBB007F4BBD /* XCRemoteSwiftPackageReference "firebase-ios-sdk" */;
			productName = "FirebaseFirestoreCombine-Community";
		};
		F197970A2ACEB024007F4BBD /* FirebaseFirestoreSwift */ = {
			isa = XCSwiftPackageProductDependency;
			package = F19796E02ACEAFBB007F4BBD /* XCRemoteSwiftPackageReference "firebase-ios-sdk" */;
			productName = FirebaseFirestoreSwift;
		};
		F197970C2ACEB024007F4BBD /* FirebaseFunctions */ = {
			isa = XCSwiftPackageProductDependency;
			package = F19796E02ACEAFBB007F4BBD /* XCRemoteSwiftPackageReference "firebase-ios-sdk" */;
			productName = FirebaseFunctions;
		};
		F197970E2ACEB024007F4BBD /* FirebaseFunctionsCombine-Community */ = {
			isa = XCSwiftPackageProductDependency;
			package = F19796E02ACEAFBB007F4BBD /* XCRemoteSwiftPackageReference "firebase-ios-sdk" */;
			productName = "FirebaseFunctionsCombine-Community";
		};
		F19797102ACEB024007F4BBD /* FirebaseInAppMessaging-Beta */ = {
			isa = XCSwiftPackageProductDependency;
			package = F19796E02ACEAFBB007F4BBD /* XCRemoteSwiftPackageReference "firebase-ios-sdk" */;
			productName = "FirebaseInAppMessaging-Beta";
		};
		F19797122ACEB024007F4BBD /* FirebaseInAppMessagingSwift-Beta */ = {
			isa = XCSwiftPackageProductDependency;
			package = F19796E02ACEAFBB007F4BBD /* XCRemoteSwiftPackageReference "firebase-ios-sdk" */;
			productName = "FirebaseInAppMessagingSwift-Beta";
		};
		F19797142ACEB024007F4BBD /* FirebaseInstallations */ = {
			isa = XCSwiftPackageProductDependency;
			package = F19796E02ACEAFBB007F4BBD /* XCRemoteSwiftPackageReference "firebase-ios-sdk" */;
			productName = FirebaseInstallations;
		};
		F19797162ACEB024007F4BBD /* FirebaseMLModelDownloader */ = {
			isa = XCSwiftPackageProductDependency;
			package = F19796E02ACEAFBB007F4BBD /* XCRemoteSwiftPackageReference "firebase-ios-sdk" */;
			productName = FirebaseMLModelDownloader;
		};
		F19797182ACEB024007F4BBD /* FirebaseMessaging */ = {
			isa = XCSwiftPackageProductDependency;
			package = F19796E02ACEAFBB007F4BBD /* XCRemoteSwiftPackageReference "firebase-ios-sdk" */;
			productName = FirebaseMessaging;
		};
		F197971A2ACEB024007F4BBD /* FirebasePerformance */ = {
			isa = XCSwiftPackageProductDependency;
			package = F19796E02ACEAFBB007F4BBD /* XCRemoteSwiftPackageReference "firebase-ios-sdk" */;
			productName = FirebasePerformance;
		};
		F197971C2ACEB024007F4BBD /* FirebaseRemoteConfig */ = {
			isa = XCSwiftPackageProductDependency;
			package = F19796E02ACEAFBB007F4BBD /* XCRemoteSwiftPackageReference "firebase-ios-sdk" */;
			productName = FirebaseRemoteConfig;
		};
		F197971E2ACEB024007F4BBD /* FirebaseRemoteConfigSwift */ = {
			isa = XCSwiftPackageProductDependency;
			package = F19796E02ACEAFBB007F4BBD /* XCRemoteSwiftPackageReference "firebase-ios-sdk" */;
			productName = FirebaseRemoteConfigSwift;
		};
		F19797202ACEB024007F4BBD /* FirebaseStorage */ = {
			isa = XCSwiftPackageProductDependency;
			package = F19796E02ACEAFBB007F4BBD /* XCRemoteSwiftPackageReference "firebase-ios-sdk" */;
			productName = FirebaseStorage;
		};
		F19797222ACEB024007F4BBD /* FirebaseStorageCombine-Community */ = {
			isa = XCSwiftPackageProductDependency;
			package = F19796E02ACEAFBB007F4BBD /* XCRemoteSwiftPackageReference "firebase-ios-sdk" */;
			productName = "FirebaseStorageCombine-Community";
		};
/* End XCSwiftPackageProductDependency section */
	};
	rootObject = F1C0592F2ACE890D00794BF0 /* Project object */;
}
